
Microsoft Visual Studio Solution File, Format Version 12.00
# Visual Studio Version 17
VisualStudioVersion = 17.11.35201.85
MinimumVisualStudioVersion = 10.0.40219.1
Project("{9A19103F-16F7-4668-BE54-9A1E7A4F7556}") = "4_Ceres Search", "4_Ceres Search.csproj", "{9F34F551-8160-4B44-AE0D-8997953046E8}"
EndProject
Project("{2150E333-8FDC-42A3-9474-1A3956D46DE8}") = "Solution Items", "Solution Items", "{C435172A-AA46-41CA-86BF-91598E581EC5}"
	ProjectSection(SolutionItems) = preProject
		InputData.txt = InputData.txt
	EndProjectSection
EndProject
Global
	GlobalSection(SolutionConfigurationPlatforms) = preSolution
		Debug|Any CPU = Debug|Any CPU
		Release|Any CPU = Release|Any CPU
	EndGlobalSection
	GlobalSection(ProjectConfigurationPlatforms) = postSolution
		{9F34F551-8160-4B44-AE0D-8997953046E8}.Debug|Any CPU.ActiveCfg = Debug|Any CPU
		{9F34F551-8160-4B44-AE0D-8997953046E8}.Debug|Any CPU.Build.0 = Debug|Any CPU
		{9F34F551-8160-4B44-AE0D-8997953046E8}.Release|Any CPU.ActiveCfg = Release|Any CPU
		{9F34F551-8160-4B44-AE0D-8997953046E8}.Release|Any CPU.Build.0 = Release|Any CPU
	EndGlobalSection
	GlobalSection(SolutionProperties) = preSolution
		HideSolutionNode = FALSE
	EndGlobalSection
	GlobalSection(ExtensibilityGlobals) = postSolution
		SolutionGuid = {A986A767-D651-4B8D-AB96-0815D31DF09A}
	EndGlobalSection
EndGlobal
